
Microsoft Visual Studio Solution File, Format Version 12.00
# Visual Studio 2012
VisualStudioVersion = 14.0.22823.1
MinimumVisualStudioVersion = 10.0.40219.1
Project("{FAE04EC0-301F-11D3-BF4B-00C04F79EFBC}") = "CppGLESXamarin.iOS", "CppGLESXamarin.iOS\CppGLESXamarin.iOS.csproj", "{91BA877A-1CDE-442C-878F-E2B5AE541718}"
EndProject
Global
	GlobalSection(SolutionConfigurationPlatforms) = preSolution
		Debug|iPhone = Debug|iPhone
		Debug|iPhoneSimulator = Debug|iPhoneSimulator
		Release|iPhone = Release|iPhone
		Release|iPhoneSimulator = Release|iPhoneSimulator
	EndGlobalSection
	GlobalSection(ProjectConfigurationPlatforms) = postSolution
		{91BA877A-1CDE-442C-878F-E2B5AE541718}.Debug|iPhone.ActiveCfg = Debug|iPhone
		{91BA877A-1CDE-442C-878F-E2B5AE541718}.Debug|iPhone.Build.0 = Debug|iPhone
		{91BA877A-1CDE-442C-878F-E2B5AE541718}.Debug|iPhoneSimulator.ActiveCfg = Debug|iPhoneSimulator
		{91BA877A-1CDE-442C-878F-E2B5AE541718}.Debug|iPhoneSimulator.Build.0 = Debug|iPhoneSimulator
		{91BA877A-1CDE-442C-878F-E2B5AE541718}.Release|iPhone.ActiveCfg = Release|iPhone
		{91BA877A-1CDE-442C-878F-E2B5AE541718}.Release|iPhone.Build.0 = Release|iPhone
		{91BA877A-1CDE-442C-878F-E2B5AE541718}.Release|iPhoneSimulator.ActiveCfg = Release|iPhoneSimulator
		{91BA877A-1CDE-442C-878F-E2B5AE541718}.Release|iPhoneSimulator.Build.0 = Release|iPhoneSimulator
	EndGlobalSection
	GlobalSection(SolutionProperties) = preSolution
		HideSolutionNode = FALSE
	EndGlobalSection
EndGlobal
